
Microsoft Visual Studio Solution File, Format Version 12.00
# Visual Studio Version 17
VisualStudioVersion = 17.5.002.0
MinimumVisualStudioVersion = 10.0.40219.1
Project("{2150E333-8FDC-42A3-9474-1A3956D46DE8}") = "csharp-prep", "csharp-prep", "{0835C85C-CA3E-4365-B393-69AF2B43AF90}"
EndProject
Project("{9A19103F-16F7-4668-BE54-9A1E7A4F7556}") = "Prep1", "csharp-prep\Prep1\Prep1.csproj", "{C98927F1-A4D9-4DCE-B27A-1D4306E30C1A}"
EndProject
Project("{9A19103F-16F7-4668-BE54-9A1E7A4F7556}") = "Prep2", "csharp-prep\Prep2\Prep2.csproj", "{8BAD5CDF-B966-4157-9870-96DCD29029B1}"
EndProject
Project("{9A19103F-16F7-4668-BE54-9A1E7A4F7556}") = "Prep3", "csharp-prep\Prep3\Prep3.csproj", "{D7F1D434-CC16-477E-8AE6-CE8DA0B8B9C7}"
EndProject
Project("{9A19103F-16F7-4668-BE54-9A1E7A4F7556}") = "Prep4", "csharp-prep\Prep4\Prep4.csproj", "{790B3017-12B9-42D1-AA57-18CB4D302368}"
EndProject
Project("{9A19103F-16F7-4668-BE54-9A1E7A4F7556}") = "Prep5", "csharp-prep\Prep5\Prep5.csproj", "{6881C662-DA05-4567-8CF0-BC875A064CBE}"
EndProject
Project("{2150E333-8FDC-42A3-9474-1A3956D46DE8}") = "final", "final", "{3054BD32-B32B-4725-A92A-9DC923E7FAFC}"
EndProject
Project("{9A19103F-16F7-4668-BE54-9A1E7A4F7556}") = "FinalProject", "final\FinalProject\FinalProject.csproj", "{B6FD3DBF-5E65-4F7D-9817-DD9ABBC9B64C}"
EndProject
Project("{9A19103F-16F7-4668-BE54-9A1E7A4F7556}") = "Foundation1", "final\Foundation1\Foundation1.csproj", "{D4CFD449-3698-487D-B3F1-686ECE2C3824}"
EndProject
Project("{9A19103F-16F7-4668-BE54-9A1E7A4F7556}") = "Foundation2", "final\Foundation2\Foundation2.csproj", "{9332B0AE-F703-4822-9D48-BB50231B65FB}"
EndProject
Project("{9A19103F-16F7-4668-BE54-9A1E7A4F7556}") = "Foundation3", "final\Foundation3\Foundation3.csproj", "{19135887-E483-4DAB-A48E-7156A293B1AD}"
EndProject
Project("{9A19103F-16F7-4668-BE54-9A1E7A4F7556}") = "Foundation4", "final\Foundation4\Foundation4.csproj", "{927061AD-4A02-4C25-ADA0-FD85D5CF3459}"
EndProject
Project("{2150E333-8FDC-42A3-9474-1A3956D46DE8}") = "prepare", "prepare", "{802739D2-14B6-4B94-9AC8-7BA4E5B7B26B}"
EndProject
Project("{9A19103F-16F7-4668-BE54-9A1E7A4F7556}") = "Learning02", "prepare\Learning02\Learning02.csproj", "{C20E5186-F98D-430C-807B-EEDEE3178182}"
EndProject
Project("{9A19103F-16F7-4668-BE54-9A1E7A4F7556}") = "Learning03", "prepare\Learning03\Learning03.csproj", "{9010504E-FD6C-4048-BBCB-AC87EDA6F6DB}"
EndProject
Project("{9A19103F-16F7-4668-BE54-9A1E7A4F7556}") = "Learning04", "prepare\Learning04\Learning04.csproj", "{0C30F16C-0540-43E8-9E4F-296E93D03939}"
EndProject
Project("{9A19103F-16F7-4668-BE54-9A1E7A4F7556}") = "Learning05", "prepare\Learning05\Learning05.csproj", "{A223839C-0CBD-44FA-8302-05F7A64FFF64}"
EndProject
Project("{2150E333-8FDC-42A3-9474-1A3956D46DE8}") = "prove", "prove", "{771AA628-3611-43A0-A8D4-85E34C1EF522}"
EndProject
Project("{9A19103F-16F7-4668-BE54-9A1E7A4F7556}") = "Develop02", "prove\Develop02\Develop02.csproj", "{0346DE7C-14CA-41F6-AB7F-E44EC6C4E53B}"
EndProject
Project("{9A19103F-16F7-4668-BE54-9A1E7A4F7556}") = "Develop03", "prove\Develop03\Develop03.csproj", "{DF8F5156-FA99-4A73-AC9A-4D2615C0F2BB}"
EndProject
Project("{9A19103F-16F7-4668-BE54-9A1E7A4F7556}") = "Develop04", "prove\Develop04\Develop04.csproj", "{E108E937-4622-4393-91AA-63753AC97BB1}"
EndProject
Project("{9A19103F-16F7-4668-BE54-9A1E7A4F7556}") = "Develop05", "prove\Develop05\Develop05.csproj", "{A51468C2-F9FF-4940-9D9F-CE72B29F0107}"
EndProject
Project("{2150E333-8FDC-42A3-9474-1A3956D46DE8}") = "sandbox", "sandbox", "{A7396813-7423-4AA2-AE9E-3EA9BF82FE20}"
EndProject
Project("{9A19103F-16F7-4668-BE54-9A1E7A4F7556}") = "Sandbox", "sandbox\Sandbox\Sandbox.csproj", "{A462179A-9D92-4732-B1DC-A716DF76756B}"
EndProject
Global
	GlobalSection(SolutionConfigurationPlatforms) = preSolution
		Debug|Any CPU = Debug|Any CPU
		Release|Any CPU = Release|Any CPU
	EndGlobalSection
	GlobalSection(ProjectConfigurationPlatforms) = postSolution
		{C98927F1-A4D9-4DCE-B27A-1D4306E30C1A}.Debug|Any CPU.ActiveCfg = Debug|Any CPU
		{C98927F1-A4D9-4DCE-B27A-1D4306E30C1A}.Debug|Any CPU.Build.0 = Debug|Any CPU
		{C98927F1-A4D9-4DCE-B27A-1D4306E30C1A}.Release|Any CPU.ActiveCfg = Release|Any CPU
		{C98927F1-A4D9-4DCE-B27A-1D4306E30C1A}.Release|Any CPU.Build.0 = Release|Any CPU
		{8BAD5CDF-B966-4157-9870-96DCD29029B1}.Debug|Any CPU.ActiveCfg = Debug|Any CPU
		{8BAD5CDF-B966-4157-9870-96DCD29029B1}.Debug|Any CPU.Build.0 = Debug|Any CPU
		{8BAD5CDF-B966-4157-9870-96DCD29029B1}.Release|Any CPU.ActiveCfg = Release|Any CPU
		{8BAD5CDF-B966-4157-9870-96DCD29029B1}.Release|Any CPU.Build.0 = Release|Any CPU
		{D7F1D434-CC16-477E-8AE6-CE8DA0B8B9C7}.Debug|Any CPU.ActiveCfg = Debug|Any CPU
		{D7F1D434-CC16-477E-8AE6-CE8DA0B8B9C7}.Debug|Any CPU.Build.0 = Debug|Any CPU
		{D7F1D434-CC16-477E-8AE6-CE8DA0B8B9C7}.Release|Any CPU.ActiveCfg = Release|Any CPU
		{D7F1D434-CC16-477E-8AE6-CE8DA0B8B9C7}.Release|Any CPU.Build.0 = Release|Any CPU
		{790B3017-12B9-42D1-AA57-18CB4D302368}.Debug|Any CPU.ActiveCfg = Debug|Any CPU
		{790B3017-12B9-42D1-AA57-18CB4D302368}.Debug|Any CPU.Build.0 = Debug|Any CPU
		{790B3017-12B9-42D1-AA57-18CB4D302368}.Release|Any CPU.ActiveCfg = Release|Any CPU
		{790B3017-12B9-42D1-AA57-18CB4D302368}.Release|Any CPU.Build.0 = Release|Any CPU
		{6881C662-DA05-4567-8CF0-BC875A064CBE}.Debug|Any CPU.ActiveCfg = Debug|Any CPU
		{6881C662-DA05-4567-8CF0-BC875A064CBE}.Debug|Any CPU.Build.0 = Debug|Any CPU
		{6881C662-DA05-4567-8CF0-BC875A064CBE}.Release|Any CPU.ActiveCfg = Release|Any CPU
		{6881C662-DA05-4567-8CF0-BC875A064CBE}.Release|Any CPU.Build.0 = Release|Any CPU
		{B6FD3DBF-5E65-4F7D-9817-DD9ABBC9B64C}.Debug|Any CPU.ActiveCfg = Debug|Any CPU
		{B6FD3DBF-5E65-4F7D-9817-DD9ABBC9B64C}.Debug|Any CPU.Build.0 = Debug|Any CPU
		{B6FD3DBF-5E65-4F7D-9817-DD9ABBC9B64C}.Release|Any CPU.ActiveCfg = Release|Any CPU
		{B6FD3DBF-5E65-4F7D-9817-DD9ABBC9B64C}.Release|Any CPU.Build.0 = Release|Any CPU
		{D4CFD449-3698-487D-B3F1-686ECE2C3824}.Debug|Any CPU.ActiveCfg = Debug|Any CPU
		{D4CFD449-3698-487D-B3F1-686ECE2C3824}.Debug|Any CPU.Build.0 = Debug|Any CPU
		{D4CFD449-3698-487D-B3F1-686ECE2C3824}.Release|Any CPU.ActiveCfg = Release|Any CPU
		{D4CFD449-3698-487D-B3F1-686ECE2C3824}.Release|Any CPU.Build.0 = Release|Any CPU
		{9332B0AE-F703-4822-9D48-BB50231B65FB}.Debug|Any CPU.ActiveCfg = Debug|Any CPU
		{9332B0AE-F703-4822-9D48-BB50231B65FB}.Debug|Any CPU.Build.0 = Debug|Any CPU
		{9332B0AE-F703-4822-9D48-BB50231B65FB}.Release|Any CPU.ActiveCfg = Release|Any CPU
		{9332B0AE-F703-4822-9D48-BB50231B65FB}.Release|Any CPU.Build.0 = Release|Any CPU
		{19135887-E483-4DAB-A48E-7156A293B1AD}.Debug|Any CPU.ActiveCfg = Debug|Any CPU
		{19135887-E483-4DAB-A48E-7156A293B1AD}.Debug|Any CPU.Build.0 = Debug|Any CPU
		{19135887-E483-4DAB-A48E-7156A293B1AD}.Release|Any CPU.ActiveCfg = Release|Any CPU
		{19135887-E483-4DAB-A48E-7156A293B1AD}.Release|Any CPU.Build.0 = Release|Any CPU
		{927061AD-4A02-4C25-ADA0-FD85D5CF3459}.Debug|Any CPU.ActiveCfg = Debug|Any CPU
		{927061AD-4A02-4C25-ADA0-FD85D5CF3459}.Debug|Any CPU.Build.0 = Debug|Any CPU
		{927061AD-4A02-4C25-ADA0-FD85D5CF3459}.Release|Any CPU.ActiveCfg = Release|Any CPU
		{927061AD-4A02-4C25-ADA0-FD85D5CF3459}.Release|Any CPU.Build.0 = Release|Any CPU
		{C20E5186-F98D-430C-807B-EEDEE3178182}.Debug|Any CPU.ActiveCfg = Debug|Any CPU
		{C20E5186-F98D-430C-807B-EEDEE3178182}.Debug|Any CPU.Build.0 = Debug|Any CPU
		{C20E5186-F98D-430C-807B-EEDEE3178182}.Release|Any CPU.ActiveCfg = Release|Any CPU
		{C20E5186-F98D-430C-807B-EEDEE3178182}.Release|Any CPU.Build.0 = Release|Any CPU
		{9010504E-FD6C-4048-BBCB-AC87EDA6F6DB}.Debug|Any CPU.ActiveCfg = Debug|Any CPU
		{9010504E-FD6C-4048-BBCB-AC87EDA6F6DB}.Debug|Any CPU.Build.0 = Debug|Any CPU
		{9010504E-FD6C-4048-BBCB-AC87EDA6F6DB}.Release|Any CPU.ActiveCfg = Release|Any CPU
		{9010504E-FD6C-4048-BBCB-AC87EDA6F6DB}.Release|Any CPU.Build.0 = Release|Any CPU
		{0C30F16C-0540-43E8-9E4F-296E93D03939}.Debug|Any CPU.ActiveCfg = Debug|Any CPU
		{0C30F16C-0540-43E8-9E4F-296E93D03939}.Debug|Any CPU.Build.0 = Debug|Any CPU
		{0C30F16C-0540-43E8-9E4F-296E93D03939}.Release|Any CPU.ActiveCfg = Release|Any CPU
		{0C30F16C-0540-43E8-9E4F-296E93D03939}.Release|Any CPU.Build.0 = Release|Any CPU
		{A223839C-0CBD-44FA-8302-05F7A64FFF64}.Debug|Any CPU.ActiveCfg = Debug|Any CPU
		{A223839C-0CBD-44FA-8302-05F7A64FFF64}.Debug|Any CPU.Build.0 = Debug|Any CPU
		{A223839C-0CBD-44FA-8302-05F7A64FFF64}.Release|Any CPU.ActiveCfg = Release|Any CPU
		{A223839C-0CBD-44FA-8302-05F7A64FFF64}.Release|Any CPU.Build.0 = Release|Any CPU
		{0346DE7C-14CA-41F6-AB7F-E44EC6C4E53B}.Debug|Any CPU.ActiveCfg = Debug|Any CPU
		{0346DE7C-14CA-41F6-AB7F-E44EC6C4E53B}.Debug|Any CPU.Build.0 = Debug|Any CPU
		{0346DE7C-14CA-41F6-AB7F-E44EC6C4E53B}.Release|Any CPU.ActiveCfg = Release|Any CPU
		{0346DE7C-14CA-41F6-AB7F-E44EC6C4E53B}.Release|Any CPU.Build.0 = Release|Any CPU
		{DF8F5156-FA99-4A73-AC9A-4D2615C0F2BB}.Debug|Any CPU.ActiveCfg = Debug|Any CPU
		{DF8F5156-FA99-4A73-AC9A-4D2615C0F2BB}.Debug|Any CPU.Build.0 = Debug|Any CPU
		{DF8F5156-FA99-4A73-AC9A-4D2615C0F2BB}.Release|Any CPU.ActiveCfg = Release|Any CPU
		{DF8F5156-FA99-4A73-AC9A-4D2615C0F2BB}.Release|Any CPU.Build.0 = Release|Any CPU
		{E108E937-4622-4393-91AA-63753AC97BB1}.Debug|Any CPU.ActiveCfg = Debug|Any CPU
		{E108E937-4622-4393-91AA-63753AC97BB1}.Debug|Any CPU.Build.0 = Debug|Any CPU
		{E108E937-4622-4393-91AA-63753AC97BB1}.Release|Any CPU.ActiveCfg = Release|Any CPU
		{E108E937-4622-4393-91AA-63753AC97BB1}.Release|Any CPU.Build.0 = Release|Any CPU
		{A51468C2-F9FF-4940-9D9F-CE72B29F0107}.Debug|Any CPU.ActiveCfg = Debug|Any CPU
		{A51468C2-F9FF-4940-9D9F-CE72B29F0107}.Debug|Any CPU.Build.0 = Debug|Any CPU
		{A51468C2-F9FF-4940-9D9F-CE72B29F0107}.Release|Any CPU.ActiveCfg = Release|Any CPU
		{A51468C2-F9FF-4940-9D9F-CE72B29F0107}.Release|Any CPU.Build.0 = Release|Any CPU
		{A462179A-9D92-4732-B1DC-A716DF76756B}.Debug|Any CPU.ActiveCfg = Debug|Any CPU
		{A462179A-9D92-4732-B1DC-A716DF76756B}.Debug|Any CPU.Build.0 = Debug|Any CPU
		{A462179A-9D92-4732-B1DC-A716DF76756B}.Release|Any CPU.ActiveCfg = Release|Any CPU
		{A462179A-9D92-4732-B1DC-A716DF76756B}.Release|Any CPU.Build.0 = Release|Any CPU
	EndGlobalSection
	GlobalSection(SolutionProperties) = preSolution
		HideSolutionNode = FALSE
	EndGlobalSection
	GlobalSection(NestedProjects) = preSolution
		{C98927F1-A4D9-4DCE-B27A-1D4306E30C1A} = {0835C85C-CA3E-4365-B393-69AF2B43AF90}
		{8BAD5CDF-B966-4157-9870-96DCD29029B1} = {0835C85C-CA3E-4365-B393-69AF2B43AF90}
		{D7F1D434-CC16-477E-8AE6-CE8DA0B8B9C7} = {0835C85C-CA3E-4365-B393-69AF2B43AF90}
		{790B3017-12B9-42D1-AA57-18CB4D302368} = {0835C85C-CA3E-4365-B393-69AF2B43AF90}
		{6881C662-DA05-4567-8CF0-BC875A064CBE} = {0835C85C-CA3E-4365-B393-69AF2B43AF90}
		{B6FD3DBF-5E65-4F7D-9817-DD9ABBC9B64C} = {3054BD32-B32B-4725-A92A-9DC923E7FAFC}
		{D4CFD449-3698-487D-B3F1-686ECE2C3824} = {3054BD32-B32B-4725-A92A-9DC923E7FAFC}
		{9332B0AE-F703-4822-9D48-BB50231B65FB} = {3054BD32-B32B-4725-A92A-9DC923E7FAFC}
		{19135887-E483-4DAB-A48E-7156A293B1AD} = {3054BD32-B32B-4725-A92A-9DC923E7FAFC}
		{927061AD-4A02-4C25-ADA0-FD85D5CF3459} = {3054BD32-B32B-4725-A92A-9DC923E7FAFC}
		{C20E5186-F98D-430C-807B-EEDEE3178182} = {802739D2-14B6-4B94-9AC8-7BA4E5B7B26B}
		{9010504E-FD6C-4048-BBCB-AC87EDA6F6DB} = {802739D2-14B6-4B94-9AC8-7BA4E5B7B26B}
		{0C30F16C-0540-43E8-9E4F-296E93D03939} = {802739D2-14B6-4B94-9AC8-7BA4E5B7B26B}
		{A223839C-0CBD-44FA-8302-05F7A64FFF64} = {802739D2-14B6-4B94-9AC8-7BA4E5B7B26B}
		{0346DE7C-14CA-41F6-AB7F-E44EC6C4E53B} = {771AA628-3611-43A0-A8D4-85E34C1EF522}
		{DF8F5156-FA99-4A73-AC9A-4D2615C0F2BB} = {771AA628-3611-43A0-A8D4-85E34C1EF522}
		{E108E937-4622-4393-91AA-63753AC97BB1} = {771AA628-3611-43A0-A8D4-85E34C1EF522}
		{A51468C2-F9FF-4940-9D9F-CE72B29F0107} = {771AA628-3611-43A0-A8D4-85E34C1EF522}
		{A462179A-9D92-4732-B1DC-A716DF76756B} = {A7396813-7423-4AA2-AE9E-3EA9BF82FE20}
	EndGlobalSection
	GlobalSection(ExtensibilityGlobals) = postSolution
		SolutionGuid = {44F35C97-880E-46B5-961A-D88AA20E0E05}
	EndGlobalSection
EndGlobal
